
Microsoft Visual Studio Solution File, Format Version 12.00
Project("{FAE04EC0-301F-11D3-BF4B-00C04F79EFBC}") = "Lab_1", "Lab_1\Lab_1.csproj", "{86A2F3C7-72F8-4BAC-A04C-AC3901DD1A3F}"
EndProject
Project("{FAE04EC0-301F-11D3-BF4B-00C04F79EFBC}") = "Lab_2", "Lab_2\Lab_2.csproj", "{D178438B-008D-455E-8DDC-AE846DC001CE}"
EndProject
Project("{FAE04EC0-301F-11D3-BF4B-00C04F79EFBC}") = "Lab_3", "Lab_3\Lab_3.csproj", "{6E9BE5D5-60A3-4486-A389-C05A2930BE57}"
EndProject
Project("{FAE04EC0-301F-11D3-BF4B-00C04F79EFBC}") = "Lab_4", "Lab_4\Lab_4.csproj", "{DDC6F611-2119-48AD-9086-39CE3FE51A80}"
EndProject
Project("{FAE04EC0-301F-11D3-BF4B-00C04F79EFBC}") = "Lab_5", "Lab_5\Lab_5.csproj", "{1CDBFDA3-669A-42E1-8F08-3F3979B9C1FE}"
EndProject
Project("{FAE04EC0-301F-11D3-BF4B-00C04F79EFBC}") = "Lab_6", "Lab_6\Lab_6.csproj", "{674826C7-34F1-4CD8-B35B-AADC2E0EF1FD}"
EndProject
Project("{FAE04EC0-301F-11D3-BF4B-00C04F79EFBC}") = "Lab_7", "Lab_7\Lab_7.csproj", "{A1A82A7F-AA15-4990-A9B0-BBB2850A6B50}"
EndProject
Project("{FAE04EC0-301F-11D3-BF4B-00C04F79EFBC}") = "Lab_8", "Lab_8\Lab_8.csproj", "{DF538C67-2D36-41EF-9BD1-1AC53B7A5A34}"
EndProject
Project("{FAE04EC0-301F-11D3-BF4B-00C04F79EFBC}") = "Lab_9", "Lab_9\Lab_9.csproj", "{D7C4A2EA-F55D-4C46-913C-4E73B6EAA2EF}"
EndProject
Global
	GlobalSection(SolutionConfigurationPlatforms) = preSolution
		Debug|Any CPU = Debug|Any CPU
		Release|Any CPU = Release|Any CPU
	EndGlobalSection
	GlobalSection(ProjectConfigurationPlatforms) = postSolution
		{86A2F3C7-72F8-4BAC-A04C-AC3901DD1A3F}.Debug|Any CPU.ActiveCfg = Debug|Any CPU
		{86A2F3C7-72F8-4BAC-A04C-AC3901DD1A3F}.Debug|Any CPU.Build.0 = Debug|Any CPU
		{86A2F3C7-72F8-4BAC-A04C-AC3901DD1A3F}.Release|Any CPU.ActiveCfg = Release|Any CPU
		{86A2F3C7-72F8-4BAC-A04C-AC3901DD1A3F}.Release|Any CPU.Build.0 = Release|Any CPU
		{D178438B-008D-455E-8DDC-AE846DC001CE}.Debug|Any CPU.ActiveCfg = Debug|Any CPU
		{D178438B-008D-455E-8DDC-AE846DC001CE}.Debug|Any CPU.Build.0 = Debug|Any CPU
		{D178438B-008D-455E-8DDC-AE846DC001CE}.Release|Any CPU.ActiveCfg = Release|Any CPU
		{D178438B-008D-455E-8DDC-AE846DC001CE}.Release|Any CPU.Build.0 = Release|Any CPU
		{6E9BE5D5-60A3-4486-A389-C05A2930BE57}.Debug|Any CPU.ActiveCfg = Debug|Any CPU
		{6E9BE5D5-60A3-4486-A389-C05A2930BE57}.Debug|Any CPU.Build.0 = Debug|Any CPU
		{6E9BE5D5-60A3-4486-A389-C05A2930BE57}.Release|Any CPU.ActiveCfg = Release|Any CPU
		{6E9BE5D5-60A3-4486-A389-C05A2930BE57}.Release|Any CPU.Build.0 = Release|Any CPU
		{DDC6F611-2119-48AD-9086-39CE3FE51A80}.Debug|Any CPU.ActiveCfg = Debug|Any CPU
		{DDC6F611-2119-48AD-9086-39CE3FE51A80}.Debug|Any CPU.Build.0 = Debug|Any CPU
		{DDC6F611-2119-48AD-9086-39CE3FE51A80}.Release|Any CPU.ActiveCfg = Release|Any CPU
		{DDC6F611-2119-48AD-9086-39CE3FE51A80}.Release|Any CPU.Build.0 = Release|Any CPU
		{1CDBFDA3-669A-42E1-8F08-3F3979B9C1FE}.Debug|Any CPU.ActiveCfg = Debug|Any CPU
		{1CDBFDA3-669A-42E1-8F08-3F3979B9C1FE}.Debug|Any CPU.Build.0 = Debug|Any CPU
		{1CDBFDA3-669A-42E1-8F08-3F3979B9C1FE}.Release|Any CPU.ActiveCfg = Release|Any CPU
		{1CDBFDA3-669A-42E1-8F08-3F3979B9C1FE}.Release|Any CPU.Build.0 = Release|Any CPU
		{674826C7-34F1-4CD8-B35B-AADC2E0EF1FD}.Debug|Any CPU.ActiveCfg = Debug|Any CPU
		{674826C7-34F1-4CD8-B35B-AADC2E0EF1FD}.Debug|Any CPU.Build.0 = Debug|Any CPU
		{674826C7-34F1-4CD8-B35B-AADC2E0EF1FD}.Release|Any CPU.ActiveCfg = Release|Any CPU
		{674826C7-34F1-4CD8-B35B-AADC2E0EF1FD}.Release|Any CPU.Build.0 = Release|Any CPU
		{A1A82A7F-AA15-4990-A9B0-BBB2850A6B50}.Debug|Any CPU.ActiveCfg = Debug|Any CPU
		{A1A82A7F-AA15-4990-A9B0-BBB2850A6B50}.Debug|Any CPU.Build.0 = Debug|Any CPU
		{A1A82A7F-AA15-4990-A9B0-BBB2850A6B50}.Release|Any CPU.ActiveCfg = Release|Any CPU
		{A1A82A7F-AA15-4990-A9B0-BBB2850A6B50}.Release|Any CPU.Build.0 = Release|Any CPU
		{DF538C67-2D36-41EF-9BD1-1AC53B7A5A34}.Debug|Any CPU.ActiveCfg = Debug|Any CPU
		{DF538C67-2D36-41EF-9BD1-1AC53B7A5A34}.Debug|Any CPU.Build.0 = Debug|Any CPU
		{DF538C67-2D36-41EF-9BD1-1AC53B7A5A34}.Release|Any CPU.ActiveCfg = Release|Any CPU
		{DF538C67-2D36-41EF-9BD1-1AC53B7A5A34}.Release|Any CPU.Build.0 = Release|Any CPU
		{D7C4A2EA-F55D-4C46-913C-4E73B6EAA2EF}.Debug|Any CPU.ActiveCfg = Debug|Any CPU
		{D7C4A2EA-F55D-4C46-913C-4E73B6EAA2EF}.Debug|Any CPU.Build.0 = Debug|Any CPU
		{D7C4A2EA-F55D-4C46-913C-4E73B6EAA2EF}.Release|Any CPU.ActiveCfg = Release|Any CPU
		{D7C4A2EA-F55D-4C46-913C-4E73B6EAA2EF}.Release|Any CPU.Build.0 = Release|Any CPU
	EndGlobalSection
EndGlobal
